
Microsoft Visual Studio Solution File, Format Version 12.00
# Visual Studio Version 16
VisualStudioVersion = 16.0.808.4
MinimumVisualStudioVersion = 10.0.40219.1
Project("{9A19103F-16F7-4668-BE54-9A1E7A4F7556}") = "FAEmlak", "FAEmlak\FAEmlak.csproj", "{4C3721EB-5A98-425C-BA24-6DBCEC327C60}"
EndProject
Project("{9A19103F-16F7-4668-BE54-9A1E7A4F7556}") = "FAEmlak.Data", "FAEmlak.Data\FAEmlak.Data.csproj", "{9DD93761-DD66-4CE0-A7BA-7520DBA2D581}"
EndProject
Project("{9A19103F-16F7-4668-BE54-9A1E7A4F7556}") = "FAEmlak.Business", "FAEmlak.Business\FAEmlak.Business.csproj", "{57AD5726-F735-4A8B-A633-36FF6895A030}"
EndProject
Global
	GlobalSection(SolutionConfigurationPlatforms) = preSolution
		Debug|Any CPU = Debug|Any CPU
		Release|Any CPU = Release|Any CPU
	EndGlobalSection
	GlobalSection(ProjectConfigurationPlatforms) = postSolution
		{4C3721EB-5A98-425C-BA24-6DBCEC327C60}.Debug|Any CPU.ActiveCfg = Debug|Any CPU
		{4C3721EB-5A98-425C-BA24-6DBCEC327C60}.Debug|Any CPU.Build.0 = Debug|Any CPU
		{4C3721EB-5A98-425C-BA24-6DBCEC327C60}.Release|Any CPU.ActiveCfg = Release|Any CPU
		{4C3721EB-5A98-425C-BA24-6DBCEC327C60}.Release|Any CPU.Build.0 = Release|Any CPU
		{9DD93761-DD66-4CE0-A7BA-7520DBA2D581}.Debug|Any CPU.ActiveCfg = Debug|Any CPU
		{9DD93761-DD66-4CE0-A7BA-7520DBA2D581}.Debug|Any CPU.Build.0 = Debug|Any CPU
		{9DD93761-DD66-4CE0-A7BA-7520DBA2D581}.Release|Any CPU.ActiveCfg = Release|Any CPU
		{9DD93761-DD66-4CE0-A7BA-7520DBA2D581}.Release|Any CPU.Build.0 = Release|Any CPU
		{57AD5726-F735-4A8B-A633-36FF6895A030}.Debug|Any CPU.ActiveCfg = Debug|Any CPU
		{57AD5726-F735-4A8B-A633-36FF6895A030}.Debug|Any CPU.Build.0 = Debug|Any CPU
		{57AD5726-F735-4A8B-A633-36FF6895A030}.Release|Any CPU.ActiveCfg = Release|Any CPU
		{57AD5726-F735-4A8B-A633-36FF6895A030}.Release|Any CPU.Build.0 = Release|Any CPU
	EndGlobalSection
	GlobalSection(SolutionProperties) = preSolution
		HideSolutionNode = FALSE
	EndGlobalSection
	GlobalSection(ExtensibilityGlobals) = postSolution
		SolutionGuid = {9B0A50CA-5D11-4A40-9607-90148FB4DCC6}
	EndGlobalSection
EndGlobal
